// !$*UTF8*$!
{
	archiveVersion = 1;
	classes = {
	};
	objectVersion = 46;
	objects = {

/* Begin PBXBuildFile section */
		411111A61A8767ED003F0EC4 /* AppDelegate.swift in Sources */ = {isa = PBXBuildFile; fileRef = 411111A51A8767ED003F0EC4 /* AppDelegate.swift */; };
		411111AC1A8767ED003F0EC4 /* GameViewController.swift in Sources */ = {isa = PBXBuildFile; fileRef = 411111AB1A8767ED003F0EC4 /* GameViewController.swift */; };
		411111AF1A8767ED003F0EC4 /* Main.storyboard in Resources */ = {isa = PBXBuildFile; fileRef = 411111AD1A8767ED003F0EC4 /* Main.storyboard */; };
		411111B11A8767ED003F0EC4 /* Images.xcassets in Resources */ = {isa = PBXBuildFile; fileRef = 411111B01A8767ED003F0EC4 /* Images.xcassets */; };
		411111C01A8767ED003F0EC4 /* SG_TemplateTests.swift in Sources */ = {isa = PBXBuildFile; fileRef = 411111BF1A8767ED003F0EC4 /* SG_TemplateTests.swift */; };
		411111D21A876824003F0EC4 /* AppDelegate.swift in Sources */ = {isa = PBXBuildFile; fileRef = 411111D11A876824003F0EC4 /* AppDelegate.swift */; };
		411111D81A876824003F0EC4 /* Images.xcassets in Resources */ = {isa = PBXBuildFile; fileRef = 411111D71A876824003F0EC4 /* Images.xcassets */; };
		411111DB1A876824003F0EC4 /* MainMenu.xib in Resources */ = {isa = PBXBuildFile; fileRef = 411111D91A876824003F0EC4 /* MainMenu.xib */; };
		411111E71A876824003F0EC4 /* SG_Template_MacTests.swift in Sources */ = {isa = PBXBuildFile; fileRef = 411111E61A876824003F0EC4 /* SG_Template_MacTests.swift */; };
		411111F11A8768B8003F0EC4 /* GameSettings.plist in Resources */ = {isa = PBXBuildFile; fileRef = 411111F01A8768B8003F0EC4 /* GameSettings.plist */; };
		411111F21A8768B8003F0EC4 /* GameSettings.plist in Resources */ = {isa = PBXBuildFile; fileRef = 411111F01A8768B8003F0EC4 /* GameSettings.plist */; };
		411112051A876A5E003F0EC4 /* SGScene.swift in Sources */ = {isa = PBXBuildFile; fileRef = 411112011A876A5E003F0EC4 /* SGScene.swift */; };
		411112061A876A5E003F0EC4 /* SGScene.swift in Sources */ = {isa = PBXBuildFile; fileRef = 411112011A876A5E003F0EC4 /* SGScene.swift */; };
		411112071A876A5E003F0EC4 /* SGExtensions.swift in Sources */ = {isa = PBXBuildFile; fileRef = 411112021A876A5E003F0EC4 /* SGExtensions.swift */; };
		411112081A876A5E003F0EC4 /* SGExtensions.swift in Sources */ = {isa = PBXBuildFile; fileRef = 411112021A876A5E003F0EC4 /* SGExtensions.swift */; };
		411112091A876A5E003F0EC4 /* SGResolution.swift in Sources */ = {isa = PBXBuildFile; fileRef = 411112031A876A5E003F0EC4 /* SGResolution.swift */; };
		4111120A1A876A5E003F0EC4 /* SGResolution.swift in Sources */ = {isa = PBXBuildFile; fileRef = 411112031A876A5E003F0EC4 /* SGResolution.swift */; };
		4111120B1A876A5E003F0EC4 /* SGGameKit.swift in Sources */ = {isa = PBXBuildFile; fileRef = 411112041A876A5E003F0EC4 /* SGGameKit.swift */; };
		4111120C1A876A5E003F0EC4 /* SGGameKit.swift in Sources */ = {isa = PBXBuildFile; fileRef = 411112041A876A5E003F0EC4 /* SGGameKit.swift */; };
		4111121C1A876A6A003F0EC4 /* CGFloat+Extensions.swift in Sources */ = {isa = PBXBuildFile; fileRef = 4111120E1A876A6A003F0EC4 /* CGFloat+Extensions.swift */; };
		4111121D1A876A6A003F0EC4 /* CGFloat+Extensions.swift in Sources */ = {isa = PBXBuildFile; fileRef = 4111120E1A876A6A003F0EC4 /* CGFloat+Extensions.swift */; };
		4111121E1A876A6A003F0EC4 /* CGPoint+Extensions.swift in Sources */ = {isa = PBXBuildFile; fileRef = 4111120F1A876A6A003F0EC4 /* CGPoint+Extensions.swift */; };
		4111121F1A876A6A003F0EC4 /* CGPoint+Extensions.swift in Sources */ = {isa = PBXBuildFile; fileRef = 4111120F1A876A6A003F0EC4 /* CGPoint+Extensions.swift */; };
		411112201A876A6A003F0EC4 /* CGVector+Extensions.swift in Sources */ = {isa = PBXBuildFile; fileRef = 411112101A876A6A003F0EC4 /* CGVector+Extensions.swift */; };
		411112211A876A6A003F0EC4 /* CGVector+Extensions.swift in Sources */ = {isa = PBXBuildFile; fileRef = 411112101A876A6A003F0EC4 /* CGVector+Extensions.swift */; };
		411112221A876A6A003F0EC4 /* Int+Extensions.swift in Sources */ = {isa = PBXBuildFile; fileRef = 411112111A876A6A003F0EC4 /* Int+Extensions.swift */; };
		411112231A876A6A003F0EC4 /* Int+Extensions.swift in Sources */ = {isa = PBXBuildFile; fileRef = 411112111A876A6A003F0EC4 /* Int+Extensions.swift */; };
		411112241A876A6A003F0EC4 /* SKAction+Extensions.swift in Sources */ = {isa = PBXBuildFile; fileRef = 411112121A876A6A003F0EC4 /* SKAction+Extensions.swift */; };
		411112251A876A6A003F0EC4 /* SKAction+Extensions.swift in Sources */ = {isa = PBXBuildFile; fileRef = 411112121A876A6A003F0EC4 /* SKAction+Extensions.swift */; };
		411112261A876A6A003F0EC4 /* SKAction+SpecialEffects.swift in Sources */ = {isa = PBXBuildFile; fileRef = 411112131A876A6A003F0EC4 /* SKAction+SpecialEffects.swift */; };
		411112271A876A6A003F0EC4 /* SKAction+SpecialEffects.swift in Sources */ = {isa = PBXBuildFile; fileRef = 411112131A876A6A003F0EC4 /* SKAction+SpecialEffects.swift */; };
		411112281A876A6A003F0EC4 /* SKColor+Extensions.swift in Sources */ = {isa = PBXBuildFile; fileRef = 411112141A876A6A003F0EC4 /* SKColor+Extensions.swift */; };
		411112291A876A6A003F0EC4 /* SKColor+Extensions.swift in Sources */ = {isa = PBXBuildFile; fileRef = 411112141A876A6A003F0EC4 /* SKColor+Extensions.swift */; };
		4111122A1A876A6A003F0EC4 /* SKNode+Extensions.swift in Sources */ = {isa = PBXBuildFile; fileRef = 411112151A876A6A003F0EC4 /* SKNode+Extensions.swift */; };
		4111122B1A876A6A003F0EC4 /* SKNode+Extensions.swift in Sources */ = {isa = PBXBuildFile; fileRef = 411112151A876A6A003F0EC4 /* SKNode+Extensions.swift */; };
		4111122C1A876A6A003F0EC4 /* SKTAudio.swift in Sources */ = {isa = PBXBuildFile; fileRef = 411112161A876A6A003F0EC4 /* SKTAudio.swift */; };
		4111122D1A876A6A003F0EC4 /* SKTAudio.swift in Sources */ = {isa = PBXBuildFile; fileRef = 411112161A876A6A003F0EC4 /* SKTAudio.swift */; };
		4111122E1A876A6A003F0EC4 /* SKTEffects.swift in Sources */ = {isa = PBXBuildFile; fileRef = 411112171A876A6A003F0EC4 /* SKTEffects.swift */; };
		4111122F1A876A6A003F0EC4 /* SKTEffects.swift in Sources */ = {isa = PBXBuildFile; fileRef = 411112171A876A6A003F0EC4 /* SKTEffects.swift */; };
		411112301A876A6A003F0EC4 /* SKTTimingFunctions.swift in Sources */ = {isa = PBXBuildFile; fileRef = 411112181A876A6A003F0EC4 /* SKTTimingFunctions.swift */; };
		411112311A876A6A003F0EC4 /* SKTTimingFunctions.swift in Sources */ = {isa = PBXBuildFile; fileRef = 411112181A876A6A003F0EC4 /* SKTTimingFunctions.swift */; };
		411112321A876A6A003F0EC4 /* Vector3.swift in Sources */ = {isa = PBXBuildFile; fileRef = 411112191A876A6A003F0EC4 /* Vector3.swift */; };
		411112331A876A6A003F0EC4 /* Vector3.swift in Sources */ = {isa = PBXBuildFile; fileRef = 411112191A876A6A003F0EC4 /* Vector3.swift */; };
		411112351A876A7D003F0EC4 /* SGAssetManager.swift in Sources */ = {isa = PBXBuildFile; fileRef = 411112341A876A7D003F0EC4 /* SGAssetManager.swift */; };
		411112361A876A7D003F0EC4 /* SGAssetManager.swift in Sources */ = {isa = PBXBuildFile; fileRef = 411112341A876A7D003F0EC4 /* SGAssetManager.swift */; };
		411112381A876A91003F0EC4 /* SampleAssets.atlas in Resources */ = {isa = PBXBuildFile; fileRef = 411112371A876A91003F0EC4 /* SampleAssets.atlas */; };
		411112391A876A91003F0EC4 /* SampleAssets.atlas in Resources */ = {isa = PBXBuildFile; fileRef = 411112371A876A91003F0EC4 /* SampleAssets.atlas */; };
		4111123B1A876ADF003F0EC4 /* LaunchScreen.xib in Resources */ = {isa = PBXBuildFile; fileRef = 4111123A1A876ADF003F0EC4 /* LaunchScreen.xib */; };
		4111123C1A876ADF003F0EC4 /* LaunchScreen.xib in Resources */ = {isa = PBXBuildFile; fileRef = 4111123A1A876ADF003F0EC4 /* LaunchScreen.xib */; };
		4111123E1A876B14003F0EC4 /* 0_Introducer.swift in Sources */ = {isa = PBXBuildFile; fileRef = 4111123D1A876B14003F0EC4 /* 0_Introducer.swift */; };
		4111123F1A876B14003F0EC4 /* 0_Introducer.swift in Sources */ = {isa = PBXBuildFile; fileRef = 4111123D1A876B14003F0EC4 /* 0_Introducer.swift */; };
		411112431A882148003F0EC4 /* gamefont.atlas in Resources */ = {isa = PBXBuildFile; fileRef = 411112401A882148003F0EC4 /* gamefont.atlas */; };
		411112441A882148003F0EC4 /* gamefont.atlas in Resources */ = {isa = PBXBuildFile; fileRef = 411112401A882148003F0EC4 /* gamefont.atlas */; };
		411112451A882148003F0EC4 /* gamefont.skf in Resources */ = {isa = PBXBuildFile; fileRef = 411112411A882148003F0EC4 /* gamefont.skf */; };
		411112461A882148003F0EC4 /* gamefont.skf in Resources */ = {isa = PBXBuildFile; fileRef = 411112411A882148003F0EC4 /* gamefont.skf */; };
		411112471A882148003F0EC4 /* gamefont@2x.skf in Resources */ = {isa = PBXBuildFile; fileRef = 411112421A882148003F0EC4 /* gamefont@2x.skf */; };
		411112481A882148003F0EC4 /* gamefont@2x.skf in Resources */ = {isa = PBXBuildFile; fileRef = 411112421A882148003F0EC4 /* gamefont@2x.skf */; };
		4111125B1A88216A003F0EC4 /* Template.txt in Resources */ = {isa = PBXBuildFile; fileRef = 411112491A88216A003F0EC4 /* Template.txt */; };
		4111125C1A88216A003F0EC4 /* Template.txt in Resources */ = {isa = PBXBuildFile; fileRef = 411112491A88216A003F0EC4 /* Template.txt */; };
		4111125D1A88216A003F0EC4 /* Level1.txt in Resources */ = {isa = PBXBuildFile; fileRef = 4111124A1A88216A003F0EC4 /* Level1.txt */; };
		4111125E1A88216A003F0EC4 /* Level1.txt in Resources */ = {isa = PBXBuildFile; fileRef = 4111124A1A88216A003F0EC4 /* Level1.txt */; };
		4111125F1A88216A003F0EC4 /* Level2.txt in Resources */ = {isa = PBXBuildFile; fileRef = 4111124B1A88216A003F0EC4 /* Level2.txt */; };
		411112601A88216A003F0EC4 /* Level2.txt in Resources */ = {isa = PBXBuildFile; fileRef = 4111124B1A88216A003F0EC4 /* Level2.txt */; };
		411112611A88216A003F0EC4 /* Level3.txt in Resources */ = {isa = PBXBuildFile; fileRef = 4111124C1A88216A003F0EC4 /* Level3.txt */; };
		411112621A88216A003F0EC4 /* Level3.txt in Resources */ = {isa = PBXBuildFile; fileRef = 4111124C1A88216A003F0EC4 /* Level3.txt */; };
		411112631A88216A003F0EC4 /* Level4.txt in Resources */ = {isa = PBXBuildFile; fileRef = 4111124D1A88216A003F0EC4 /* Level4.txt */; };
		411112641A88216A003F0EC4 /* Level4.txt in Resources */ = {isa = PBXBuildFile; fileRef = 4111124D1A88216A003F0EC4 /* Level4.txt */; };
		411112651A88216A003F0EC4 /* Level5.txt in Resources */ = {isa = PBXBuildFile; fileRef = 4111124E1A88216A003F0EC4 /* Level5.txt */; };
		411112661A88216A003F0EC4 /* Level5.txt in Resources */ = {isa = PBXBuildFile; fileRef = 4111124E1A88216A003F0EC4 /* Level5.txt */; };
		411112671A88216A003F0EC4 /* Level6.txt in Resources */ = {isa = PBXBuildFile; fileRef = 4111124F1A88216A003F0EC4 /* Level6.txt */; };
		411112681A88216A003F0EC4 /* Level6.txt in Resources */ = {isa = PBXBuildFile; fileRef = 4111124F1A88216A003F0EC4 /* Level6.txt */; };
		411112691A88216A003F0EC4 /* Level7.txt in Resources */ = {isa = PBXBuildFile; fileRef = 411112501A88216A003F0EC4 /* Level7.txt */; };
		4111126A1A88216A003F0EC4 /* Level7.txt in Resources */ = {isa = PBXBuildFile; fileRef = 411112501A88216A003F0EC4 /* Level7.txt */; };
		4111126B1A88216A003F0EC4 /* Level8.txt in Resources */ = {isa = PBXBuildFile; fileRef = 411112511A88216A003F0EC4 /* Level8.txt */; };
		4111126C1A88216A003F0EC4 /* Level8.txt in Resources */ = {isa = PBXBuildFile; fileRef = 411112511A88216A003F0EC4 /* Level8.txt */; };
		4111126D1A88216A003F0EC4 /* Level9.txt in Resources */ = {isa = PBXBuildFile; fileRef = 411112521A88216A003F0EC4 /* Level9.txt */; };
		4111126E1A88216A003F0EC4 /* Level9.txt in Resources */ = {isa = PBXBuildFile; fileRef = 411112521A88216A003F0EC4 /* Level9.txt */; };
		4111126F1A88216A003F0EC4 /* Level10.txt in Resources */ = {isa = PBXBuildFile; fileRef = 411112531A88216A003F0EC4 /* Level10.txt */; };
		411112701A88216A003F0EC4 /* Level10.txt in Resources */ = {isa = PBXBuildFile; fileRef = 411112531A88216A003F0EC4 /* Level10.txt */; };
		411112711A88216A003F0EC4 /* Level11.txt in Resources */ = {isa = PBXBuildFile; fileRef = 411112541A88216A003F0EC4 /* Level11.txt */; };
		411112721A88216A003F0EC4 /* Level11.txt in Resources */ = {isa = PBXBuildFile; fileRef = 411112541A88216A003F0EC4 /* Level11.txt */; };
		411112731A88216A003F0EC4 /* Level12.txt in Resources */ = {isa = PBXBuildFile; fileRef = 411112551A88216A003F0EC4 /* Level12.txt */; };
		411112741A88216A003F0EC4 /* Level12.txt in Resources */ = {isa = PBXBuildFile; fileRef = 411112551A88216A003F0EC4 /* Level12.txt */; };
		411112751A88216A003F0EC4 /* Level13.txt in Resources */ = {isa = PBXBuildFile; fileRef = 411112561A88216A003F0EC4 /* Level13.txt */; };
		411112761A88216A003F0EC4 /* Level13.txt in Resources */ = {isa = PBXBuildFile; fileRef = 411112561A88216A003F0EC4 /* Level13.txt */; };
		411112771A88216A003F0EC4 /* Level14.txt in Resources */ = {isa = PBXBuildFile; fileRef = 411112571A88216A003F0EC4 /* Level14.txt */; };
		411112781A88216A003F0EC4 /* Level14.txt in Resources */ = {isa = PBXBuildFile; fileRef = 411112571A88216A003F0EC4 /* Level14.txt */; };
		411112791A88216A003F0EC4 /* Level15.txt in Resources */ = {isa = PBXBuildFile; fileRef = 411112581A88216A003F0EC4 /* Level15.txt */; };
		4111127A1A88216A003F0EC4 /* Level15.txt in Resources */ = {isa = PBXBuildFile; fileRef = 411112581A88216A003F0EC4 /* Level15.txt */; };
		4111127B1A88216A003F0EC4 /* Level16.txt in Resources */ = {isa = PBXBuildFile; fileRef = 411112591A88216A003F0EC4 /* Level16.txt */; };
		4111127C1A88216A003F0EC4 /* Level16.txt in Resources */ = {isa = PBXBuildFile; fileRef = 411112591A88216A003F0EC4 /* Level16.txt */; };
		4111127D1A88216A003F0EC4 /* Level17.txt in Resources */ = {isa = PBXBuildFile; fileRef = 4111125A1A88216A003F0EC4 /* Level17.txt */; };
		4111127E1A88216A003F0EC4 /* Level17.txt in Resources */ = {isa = PBXBuildFile; fileRef = 4111125A1A88216A003F0EC4 /* Level17.txt */; };
		411112801A88217B003F0EC4 /* BangBang_0.mp3 in Resources */ = {isa = PBXBuildFile; fileRef = 4111127F1A88217B003F0EC4 /* BangBang_0.mp3 */; };
		411112811A88217B003F0EC4 /* BangBang_0.mp3 in Resources */ = {isa = PBXBuildFile; fileRef = 4111127F1A88217B003F0EC4 /* BangBang_0.mp3 */; };
		411112881A88218A003F0EC4 /* 110548__noisehag__comp-cover-02.wav in Resources */ = {isa = PBXBuildFile; fileRef = 411112821A88218A003F0EC4 /* 110548__noisehag__comp-cover-02.wav */; };
		411112891A88218A003F0EC4 /* 110548__noisehag__comp-cover-02.wav in Resources */ = {isa = PBXBuildFile; fileRef = 411112821A88218A003F0EC4 /* 110548__noisehag__comp-cover-02.wav */; };
		4111128A1A88218A003F0EC4 /* 134935__ztrees1__whoosh.wav in Resources */ = {isa = PBXBuildFile; fileRef = 411112831A88218A003F0EC4 /* 134935__ztrees1__whoosh.wav */; };
		4111128B1A88218A003F0EC4 /* 134935__ztrees1__whoosh.wav in Resources */ = {isa = PBXBuildFile; fileRef = 411112831A88218A003F0EC4 /* 134935__ztrees1__whoosh.wav */; };
		4111128C1A88218A003F0EC4 /* 135936__bradwesson__collectcoin.wav in Resources */ = {isa = PBXBuildFile; fileRef = 411112841A88218A003F0EC4 /* 135936__bradwesson__collectcoin.wav */; };
		4111128D1A88218A003F0EC4 /* 135936__bradwesson__collectcoin.wav in Resources */ = {isa = PBXBuildFile; fileRef = 411112841A88218A003F0EC4 /* 135936__bradwesson__collectcoin.wav */; };
		4111128E1A88218A003F0EC4 /* 187503__oceanictrancer__drop-bomb-effect-6.wav in Resources */ = {isa = PBXBuildFile; fileRef = 411112851A88218A003F0EC4 /* 187503__oceanictrancer__drop-bomb-effect-6.wav */; };
		4111128F1A88218A003F0EC4 /* 187503__oceanictrancer__drop-bomb-effect-6.wav in Resources */ = {isa = PBXBuildFile; fileRef = 411112851A88218A003F0EC4 /* 187503__oceanictrancer__drop-bomb-effect-6.wav */; };
		411112901A88218A003F0EC4 /* 113093__edgardedition__click3.wav in Resources */ = {isa = PBXBuildFile; fileRef = 411112861A88218A003F0EC4 /* 113093__edgardedition__click3.wav */; };
		411112911A88218A003F0EC4 /* 113093__edgardedition__click3.wav in Resources */ = {isa = PBXBuildFile; fileRef = 411112861A88218A003F0EC4 /* 113093__edgardedition__click3.wav */; };
		411112921A88218A003F0EC4 /* 146726__fins__jumping.wav in Resources */ = {isa = PBXBuildFile; fileRef = 411112871A88218A003F0EC4 /* 146726__fins__jumping.wav */; };
		411112931A88218A003F0EC4 /* 146726__fins__jumping.wav in Resources */ = {isa = PBXBuildFile; fileRef = 411112871A88218A003F0EC4 /* 146726__fins__jumping.wav */; };
		411112971A88219D003F0EC4 /* Tiles.atlas in Resources */ = {isa = PBXBuildFile; fileRef = 411112941A88219D003F0EC4 /* Tiles.atlas */; };
		411112981A88219D003F0EC4 /* Tiles.atlas in Resources */ = {isa = PBXBuildFile; fileRef = 411112941A88219D003F0EC4 /* Tiles.atlas */; };
		411112991A88219D003F0EC4 /* Female.atlas in Resources */ = {isa = PBXBuildFile; fileRef = 411112951A88219D003F0EC4 /* Female.atlas */; };
		4111129A1A88219D003F0EC4 /* Female.atlas in Resources */ = {isa = PBXBuildFile; fileRef = 411112951A88219D003F0EC4 /* Female.atlas */; };
		4111129B1A88219D003F0EC4 /* Male.atlas in Resources */ = {isa = PBXBuildFile; fileRef = 411112961A88219D003F0EC4 /* Male.atlas */; };
		4111129C1A88219D003F0EC4 /* Male.atlas in Resources */ = {isa = PBXBuildFile; fileRef = 411112961A88219D003F0EC4 /* Male.atlas */; };
		4111129E1A8821D9003F0EC4 /* LargeMedia.xcassets in Resources */ = {isa = PBXBuildFile; fileRef = 4111129D1A8821D9003F0EC4 /* LargeMedia.xcassets */; };
		4111129F1A8821D9003F0EC4 /* LargeMedia.xcassets in Resources */ = {isa = PBXBuildFile; fileRef = 4111129D1A8821D9003F0EC4 /* LargeMedia.xcassets */; };
		411112A21A8821EC003F0EC4 /* ImpactMark.sks in Resources */ = {isa = PBXBuildFile; fileRef = 411112A01A8821EC003F0EC4 /* ImpactMark.sks */; };
		411112A31A8821EC003F0EC4 /* ImpactMark.sks in Resources */ = {isa = PBXBuildFile; fileRef = 411112A01A8821EC003F0EC4 /* ImpactMark.sks */; };
		411112A41A8821EC003F0EC4 /* spark.png in Resources */ = {isa = PBXBuildFile; fileRef = 411112A11A8821EC003F0EC4 /* spark.png */; };
		411112A51A8821EC003F0EC4 /* spark.png in Resources */ = {isa = PBXBuildFile; fileRef = 411112A11A8821EC003F0EC4 /* spark.png */; };
		6123B10A1B3C85630033BE22 /* 1_MainMenu.swift in Sources */ = {isa = PBXBuildFile; fileRef = 6123B1091B3C85630033BE22 /* 1_MainMenu.swift */; };
		6123B10B1B3C85630033BE22 /* 1_MainMenu.swift in Sources */ = {isa = PBXBuildFile; fileRef = 6123B1091B3C85630033BE22 /* 1_MainMenu.swift */; };
		6123B10D1B3C8CDD0033BE22 /* 4_GameScene.swift in Sources */ = {isa = PBXBuildFile; fileRef = 6123B10C1B3C8CDC0033BE22 /* 4_GameScene.swift */; };
		6123B10E1B3C8CDD0033BE22 /* 4_GameScene.swift in Sources */ = {isa = PBXBuildFile; fileRef = 6123B10C1B3C8CDC0033BE22 /* 4_GameScene.swift */; };
		6123B1111B3C9C180033BE22 /* Layer.swift in Sources */ = {isa = PBXBuildFile; fileRef = 6123B10F1B3C9C180033BE22 /* Layer.swift */; };
		6123B1121B3C9C180033BE22 /* Layer.swift in Sources */ = {isa = PBXBuildFile; fileRef = 6123B10F1B3C9C180033BE22 /* Layer.swift */; };
		6123B1131B3C9C180033BE22 /* LayerBackground.swift in Sources */ = {isa = PBXBuildFile; fileRef = 6123B1101B3C9C180033BE22 /* LayerBackground.swift */; };
		6123B1141B3C9C180033BE22 /* LayerBackground.swift in Sources */ = {isa = PBXBuildFile; fileRef = 6123B1101B3C9C180033BE22 /* LayerBackground.swift */; };
		6123B1191B3CA7750033BE22 /* LayerWorld.swift in Sources */ = {isa = PBXBuildFile; fileRef = 6123B1181B3CA7750033BE22 /* LayerWorld.swift */; };
		6123B11A1B3CA7750033BE22 /* LayerWorld.swift in Sources */ = {isa = PBXBuildFile; fileRef = 6123B1181B3CA7750033BE22 /* LayerWorld.swift */; };
		6123B11B1B3CAF130033BE22 /* TileMapLayerLoader.swift in Sources */ = {isa = PBXBuildFile; fileRef = 4111120D1A876A6A003F0EC4 /* TileMapLayerLoader.swift */; };
		6123B11C1B3CAF140033BE22 /* TileMapLayerLoader.swift in Sources */ = {isa = PBXBuildFile; fileRef = 4111120D1A876A6A003F0EC4 /* TileMapLayerLoader.swift */; };
		6123B11E1B3CAF860033BE22 /* Entity.swift in Sources */ = {isa = PBXBuildFile; fileRef = 6123B11D1B3CAF860033BE22 /* Entity.swift */; };
		6123B11F1B3CAF860033BE22 /* Entity.swift in Sources */ = {isa = PBXBuildFile; fileRef = 6123B11D1B3CAF860033BE22 /* Entity.swift */; };
		6123B1211B3CAFFD0033BE22 /* Destructible.swift in Sources */ = {isa = PBXBuildFile; fileRef = 6123B1201B3CAFFD0033BE22 /* Destructible.swift */; };
		6123B1221B3CAFFD0033BE22 /* Destructible.swift in Sources */ = {isa = PBXBuildFile; fileRef = 6123B1201B3CAFFD0033BE22 /* Destructible.swift */; };
		6123B1241B3CB01C0033BE22 /* Trigger.swift in Sources */ = {isa = PBXBuildFile; fileRef = 6123B1231B3CB01C0033BE22 /* Trigger.swift */; };
		6123B1251B3CB01C0033BE22 /* Trigger.swift in Sources */ = {isa = PBXBuildFile; fileRef = 6123B1231B3CB01C0033BE22 /* Trigger.swift */; };
		6150C38B1B3CE7A900D2F214 /* Player.swift in Sources */ = {isa = PBXBuildFile; fileRef = 6150C38A1B3CE7A900D2F214 /* Player.swift */; };
		6150C38C1B3CE7A900D2F214 /* Player.swift in Sources */ = {isa = PBXBuildFile; fileRef = 6150C38A1B3CE7A900D2F214 /* Player.swift */; };
		6150C38E1B3CFF5000D2F214 /* LayerHUD.swift in Sources */ = {isa = PBXBuildFile; fileRef = 6150C38D1B3CFF5000D2F214 /* LayerHUD.swift */; };
		6150C38F1B3CFF5000D2F214 /* LayerHUD.swift in Sources */ = {isa = PBXBuildFile; fileRef = 6150C38D1B3CFF5000D2F214 /* LayerHUD.swift */; };
/* End PBXBuildFile section */

/* Begin PBXContainerItemProxy section */
		411111BA1A8767ED003F0EC4 /* PBXContainerItemProxy */ = {
			isa = PBXContainerItemProxy;
			containerPortal = 411111981A8767ED003F0EC4 /* Project object */;
			proxyType = 1;
			remoteGlobalIDString = 4111119F1A8767ED003F0EC4;
			remoteInfo = SG_Template;
		};
		411111E11A876824003F0EC4 /* PBXContainerItemProxy */ = {
			isa = PBXContainerItemProxy;
			containerPortal = 411111981A8767ED003F0EC4 /* Project object */;
			proxyType = 1;
			remoteGlobalIDString = 411111CC1A876824003F0EC4;
			remoteInfo = SG_Template_Mac;
		};
/* End PBXContainerItemProxy section */

/* Begin PBXFileReference section */
		411111A01A8767ED003F0EC4 /* SG_Template.app */ = {isa = PBXFileReference; explicitFileType = wrapper.application; includeInIndex = 0; path = SG_Template.app; sourceTree = BUILT_PRODUCTS_DIR; };
		411111A41A8767ED003F0EC4 /* Info.plist */ = {isa = PBXFileReference; lastKnownFileType = text.plist.xml; path = Info.plist; sourceTree = "<group>"; };
		411111A51A8767ED003F0EC4 /* AppDelegate.swift */ = {isa = PBXFileReference; lastKnownFileType = sourcecode.swift; path = AppDelegate.swift; sourceTree = "<group>"; };
		411111AB1A8767ED003F0EC4 /* GameViewController.swift */ = {isa = PBXFileReference; lastKnownFileType = sourcecode.swift; path = GameViewController.swift; sourceTree = "<group>"; };
		411111AE1A8767ED003F0EC4 /* Base */ = {isa = PBXFileReference; lastKnownFileType = file.storyboard; name = Base; path = Base.lproj/Main.storyboard; sourceTree = "<group>"; };
		411111B01A8767ED003F0EC4 /* Images.xcassets */ = {isa = PBXFileReference; lastKnownFileType = folder.assetcatalog; path = Images.xcassets; sourceTree = "<group>"; };
		411111B91A8767ED003F0EC4 /* SG_TemplateTests.xctest */ = {isa = PBXFileReference; explicitFileType = wrapper.cfbundle; includeInIndex = 0; path = SG_TemplateTests.xctest; sourceTree = BUILT_PRODUCTS_DIR; };
		411111BE1A8767ED003F0EC4 /* Info.plist */ = {isa = PBXFileReference; lastKnownFileType = text.plist.xml; path = Info.plist; sourceTree = "<group>"; };
		411111BF1A8767ED003F0EC4 /* SG_TemplateTests.swift */ = {isa = PBXFileReference; lastKnownFileType = sourcecode.swift; path = SG_TemplateTests.swift; sourceTree = "<group>"; };
		411111CD1A876824003F0EC4 /* SG_Template_Mac.app */ = {isa = PBXFileReference; explicitFileType = wrapper.application; includeInIndex = 0; path = SG_Template_Mac.app; sourceTree = BUILT_PRODUCTS_DIR; };
		411111D01A876824003F0EC4 /* Info.plist */ = {isa = PBXFileReference; lastKnownFileType = text.plist.xml; path = Info.plist; sourceTree = "<group>"; };
		411111D11A876824003F0EC4 /* AppDelegate.swift */ = {isa = PBXFileReference; lastKnownFileType = sourcecode.swift; path = AppDelegate.swift; sourceTree = "<group>"; };
		411111D71A876824003F0EC4 /* Images.xcassets */ = {isa = PBXFileReference; lastKnownFileType = folder.assetcatalog; path = Images.xcassets; sourceTree = "<group>"; };
		411111DA1A876824003F0EC4 /* Base */ = {isa = PBXFileReference; lastKnownFileType = file.xib; name = Base; path = Base.lproj/MainMenu.xib; sourceTree = "<group>"; };
		411111E01A876824003F0EC4 /* SG_Template_MacTests.xctest */ = {isa = PBXFileReference; explicitFileType = wrapper.cfbundle; includeInIndex = 0; path = SG_Template_MacTests.xctest; sourceTree = BUILT_PRODUCTS_DIR; };
		411111E51A876824003F0EC4 /* Info.plist */ = {isa = PBXFileReference; lastKnownFileType = text.plist.xml; path = Info.plist; sourceTree = "<group>"; };
		411111E61A876824003F0EC4 /* SG_Template_MacTests.swift */ = {isa = PBXFileReference; lastKnownFileType = sourcecode.swift; path = SG_Template_MacTests.swift; sourceTree = "<group>"; };
		411111F01A8768B8003F0EC4 /* GameSettings.plist */ = {isa = PBXFileReference; fileEncoding = 4; lastKnownFileType = text.plist.xml; path = GameSettings.plist; sourceTree = "<group>"; };
		411112011A876A5E003F0EC4 /* SGScene.swift */ = {isa = PBXFileReference; fileEncoding = 4; lastKnownFileType = sourcecode.swift; path = SGScene.swift; sourceTree = "<group>"; };
		411112021A876A5E003F0EC4 /* SGExtensions.swift */ = {isa = PBXFileReference; fileEncoding = 4; lastKnownFileType = sourcecode.swift; path = SGExtensions.swift; sourceTree = "<group>"; };
		411112031A876A5E003F0EC4 /* SGResolution.swift */ = {isa = PBXFileReference; fileEncoding = 4; lastKnownFileType = sourcecode.swift; path = SGResolution.swift; sourceTree = "<group>"; };
		411112041A876A5E003F0EC4 /* SGGameKit.swift */ = {isa = PBXFileReference; fileEncoding = 4; lastKnownFileType = sourcecode.swift; path = SGGameKit.swift; sourceTree = "<group>"; };
		4111120D1A876A6A003F0EC4 /* TileMapLayerLoader.swift */ = {isa = PBXFileReference; fileEncoding = 4; lastKnownFileType = sourcecode.swift; path = TileMapLayerLoader.swift; sourceTree = "<group>"; };
		4111120E1A876A6A003F0EC4 /* CGFloat+Extensions.swift */ = {isa = PBXFileReference; fileEncoding = 4; lastKnownFileType = sourcecode.swift; path = "CGFloat+Extensions.swift"; sourceTree = "<group>"; };
		4111120F1A876A6A003F0EC4 /* CGPoint+Extensions.swift */ = {isa = PBXFileReference; fileEncoding = 4; lastKnownFileType = sourcecode.swift; path = "CGPoint+Extensions.swift"; sourceTree = "<group>"; };
		411112101A876A6A003F0EC4 /* CGVector+Extensions.swift */ = {isa = PBXFileReference; fileEncoding = 4; lastKnownFileType = sourcecode.swift; path = "CGVector+Extensions.swift"; sourceTree = "<group>"; };
		411112111A876A6A003F0EC4 /* Int+Extensions.swift */ = {isa = PBXFileReference; fileEncoding = 4; lastKnownFileType = sourcecode.swift; path = "Int+Extensions.swift"; sourceTree = "<group>"; };
		411112121A876A6A003F0EC4 /* SKAction+Extensions.swift */ = {isa = PBXFileReference; fileEncoding = 4; lastKnownFileType = sourcecode.swift; path = "SKAction+Extensions.swift"; sourceTree = "<group>"; };
		411112131A876A6A003F0EC4 /* SKAction+SpecialEffects.swift */ = {isa = PBXFileReference; fileEncoding = 4; lastKnownFileType = sourcecode.swift; path = "SKAction+SpecialEffects.swift"; sourceTree = "<group>"; };
		411112141A876A6A003F0EC4 /* SKColor+Extensions.swift */ = {isa = PBXFileReference; fileEncoding = 4; lastKnownFileType = sourcecode.swift; path = "SKColor+Extensions.swift"; sourceTree = "<group>"; };
		411112151A876A6A003F0EC4 /* SKNode+Extensions.swift */ = {isa = PBXFileReference; fileEncoding = 4; lastKnownFileType = sourcecode.swift; path = "SKNode+Extensions.swift"; sourceTree = "<group>"; };
		411112161A876A6A003F0EC4 /* SKTAudio.swift */ = {isa = PBXFileReference; fileEncoding = 4; lastKnownFileType = sourcecode.swift; path = SKTAudio.swift; sourceTree = "<group>"; };
		411112171A876A6A003F0EC4 /* SKTEffects.swift */ = {isa = PBXFileReference; fileEncoding = 4; lastKnownFileType = sourcecode.swift; path = SKTEffects.swift; sourceTree = "<group>"; };
		411112181A876A6A003F0EC4 /* SKTTimingFunctions.swift */ = {isa = PBXFileReference; fileEncoding = 4; lastKnownFileType = sourcecode.swift; path = SKTTimingFunctions.swift; sourceTree = "<group>"; };
		411112191A876A6A003F0EC4 /* Vector3.swift */ = {isa = PBXFileReference; fileEncoding = 4; lastKnownFileType = sourcecode.swift; path = Vector3.swift; sourceTree = "<group>"; };
		411112341A876A7D003F0EC4 /* SGAssetManager.swift */ = {isa = PBXFileReference; fileEncoding = 4; lastKnownFileType = sourcecode.swift; path = SGAssetManager.swift; sourceTree = "<group>"; };
		411112371A876A91003F0EC4 /* SampleAssets.atlas */ = {isa = PBXFileReference; lastKnownFileType = folder.skatlas; path = SampleAssets.atlas; sourceTree = "<group>"; };
		4111123A1A876ADF003F0EC4 /* LaunchScreen.xib */ = {isa = PBXFileReference; fileEncoding = 4; lastKnownFileType = file.xib; path = LaunchScreen.xib; sourceTree = "<group>"; };
		4111123D1A876B14003F0EC4 /* 0_Introducer.swift */ = {isa = PBXFileReference; fileEncoding = 4; lastKnownFileType = sourcecode.swift; path = 0_Introducer.swift; sourceTree = "<group>"; };
		411112401A882148003F0EC4 /* gamefont.atlas */ = {isa = PBXFileReference; lastKnownFileType = folder.skatlas; path = gamefont.atlas; sourceTree = "<group>"; };
		411112411A882148003F0EC4 /* gamefont.skf */ = {isa = PBXFileReference; lastKnownFileType = file; path = gamefont.skf; sourceTree = "<group>"; };
		411112421A882148003F0EC4 /* gamefont@2x.skf */ = {isa = PBXFileReference; lastKnownFileType = file; path = "gamefont@2x.skf"; sourceTree = "<group>"; };
		411112491A88216A003F0EC4 /* Template.txt */ = {isa = PBXFileReference; fileEncoding = 4; lastKnownFileType = text; path = Template.txt; sourceTree = "<group>"; };
		4111124A1A88216A003F0EC4 /* Level1.txt */ = {isa = PBXFileReference; fileEncoding = 4; lastKnownFileType = text; path = Level1.txt; sourceTree = "<group>"; };
		4111124B1A88216A003F0EC4 /* Level2.txt */ = {isa = PBXFileReference; fileEncoding = 4; lastKnownFileType = text; path = Level2.txt; sourceTree = "<group>"; };
		4111124C1A88216A003F0EC4 /* Level3.txt */ = {isa = PBXFileReference; fileEncoding = 4; lastKnownFileType = text; path = Level3.txt; sourceTree = "<group>"; };
		4111124D1A88216A003F0EC4 /* Level4.txt */ = {isa = PBXFileReference; fileEncoding = 4; lastKnownFileType = text; path = Level4.txt; sourceTree = "<group>"; };
		4111124E1A88216A003F0EC4 /* Level5.txt */ = {isa = PBXFileReference; fileEncoding = 4; lastKnownFileType = text; path = Level5.txt; sourceTree = "<group>"; };
		4111124F1A88216A003F0EC4 /* Level6.txt */ = {isa = PBXFileReference; fileEncoding = 4; lastKnownFileType = text; path = Level6.txt; sourceTree = "<group>"; };
		411112501A88216A003F0EC4 /* Level7.txt */ = {isa = PBXFileReference; fileEncoding = 4; lastKnownFileType = text; path = Level7.txt; sourceTree = "<group>"; };
		411112511A88216A003F0EC4 /* Level8.txt */ = {isa = PBXFileReference; fileEncoding = 4; lastKnownFileType = text; path = Level8.txt; sourceTree = "<group>"; };
		411112521A88216A003F0EC4 /* Level9.txt */ = {isa = PBXFileReference; fileEncoding = 4; lastKnownFileType = text; path = Level9.txt; sourceTree = "<group>"; };
		411112531A88216A003F0EC4 /* Level10.txt */ = {isa = PBXFileReference; fileEncoding = 4; lastKnownFileType = text; path = Level10.txt; sourceTree = "<group>"; };
		411112541A88216A003F0EC4 /* Level11.txt */ = {isa = PBXFileReference; fileEncoding = 4; lastKnownFileType = text; path = Level11.txt; sourceTree = "<group>"; };
		411112551A88216A003F0EC4 /* Level12.txt */ = {isa = PBXFileReference; fileEncoding = 4; lastKnownFileType = text; path = Level12.txt; sourceTree = "<group>"; };
		411112561A88216A003F0EC4 /* Level13.txt */ = {isa = PBXFileReference; fileEncoding = 4; lastKnownFileType = text; path = Level13.txt; sourceTree = "<group>"; };
		411112571A88216A003F0EC4 /* Level14.txt */ = {isa = PBXFileReference; fileEncoding = 4; lastKnownFileType = text; path = Level14.txt; sourceTree = "<group>"; };
		411112581A88216A003F0EC4 /* Level15.txt */ = {isa = PBXFileReference; fileEncoding = 4; lastKnownFileType = text; path = Level15.txt; sourceTree = "<group>"; };
		411112591A88216A003F0EC4 /* Level16.txt */ = {isa = PBXFileReference; fileEncoding = 4; lastKnownFileType = text; path = Level16.txt; sourceTree = "<group>"; };
		4111125A1A88216A003F0EC4 /* Level17.txt */ = {isa = PBXFileReference; fileEncoding = 4; lastKnownFileType = text; path = Level17.txt; sourceTree = "<group>"; };
		4111127F1A88217B003F0EC4 /* BangBang_0.mp3 */ = {isa = PBXFileReference; lastKnownFileType = audio.mp3; path = BangBang_0.mp3; sourceTree = "<group>"; };
		411112821A88218A003F0EC4 /* 110548__noisehag__comp-cover-02.wav */ = {isa = PBXFileReference; lastKnownFileType = audio.wav; path = "110548__noisehag__comp-cover-02.wav"; sourceTree = "<group>"; };
		411112831A88218A003F0EC4 /* 134935__ztrees1__whoosh.wav */ = {isa = PBXFileReference; lastKnownFileType = audio.wav; path = 134935__ztrees1__whoosh.wav; sourceTree = "<group>"; };
		411112841A88218A003F0EC4 /* 135936__bradwesson__collectcoin.wav */ = {isa = PBXFileReference; lastKnownFileType = audio.wav; path = 135936__bradwesson__collectcoin.wav; sourceTree = "<group>"; };
		411112851A88218A003F0EC4 /* 187503__oceanictrancer__drop-bomb-effect-6.wav */ = {isa = PBXFileReference; lastKnownFileType = audio.wav; path = "187503__oceanictrancer__drop-bomb-effect-6.wav"; sourceTree = "<group>"; };
		411112861A88218A003F0EC4 /* 113093__edgardedition__click3.wav */ = {isa = PBXFileReference; lastKnownFileType = audio.wav; path = 113093__edgardedition__click3.wav; sourceTree = "<group>"; };
		411112871A88218A003F0EC4 /* 146726__fins__jumping.wav */ = {isa = PBXFileReference; lastKnownFileType = audio.wav; path = 146726__fins__jumping.wav; sourceTree = "<group>"; };
		411112941A88219D003F0EC4 /* Tiles.atlas */ = {isa = PBXFileReference; lastKnownFileType = folder.skatlas; path = Tiles.atlas; sourceTree = "<group>"; };
		411112951A88219D003F0EC4 /* Female.atlas */ = {isa = PBXFileReference; lastKnownFileType = folder.skatlas; path = Female.atlas; sourceTree = "<group>"; };
		411112961A88219D003F0EC4 /* Male.atlas */ = {isa = PBXFileReference; lastKnownFileType = folder.skatlas; path = Male.atlas; sourceTree = "<group>"; };
		4111129D1A8821D9003F0EC4 /* LargeMedia.xcassets */ = {isa = PBXFileReference; lastKnownFileType = folder.assetcatalog; path = LargeMedia.xcassets; sourceTree = "<group>"; };
		411112A01A8821EC003F0EC4 /* ImpactMark.sks */ = {isa = PBXFileReference; lastKnownFileType = file.sks; path = ImpactMark.sks; sourceTree = "<group>"; };
		411112A11A8821EC003F0EC4 /* spark.png */ = {isa = PBXFileReference; lastKnownFileType = image.png; path = spark.png; sourceTree = "<group>"; };
		6123B1091B3C85630033BE22 /* 1_MainMenu.swift */ = {isa = PBXFileReference; fileEncoding = 4; lastKnownFileType = sourcecode.swift; path = 1_MainMenu.swift; sourceTree = "<group>"; };
		6123B10C1B3C8CDC0033BE22 /* 4_GameScene.swift */ = {isa = PBXFileReference; fileEncoding = 4; lastKnownFileType = sourcecode.swift; path = 4_GameScene.swift; sourceTree = "<group>"; };
		6123B10F1B3C9C180033BE22 /* Layer.swift */ = {isa = PBXFileReference; fileEncoding = 4; lastKnownFileType = sourcecode.swift; path = Layer.swift; sourceTree = "<group>"; };
		6123B1101B3C9C180033BE22 /* LayerBackground.swift */ = {isa = PBXFileReference; fileEncoding = 4; lastKnownFileType = sourcecode.swift; path = LayerBackground.swift; sourceTree = "<group>"; };
		6123B1181B3CA7750033BE22 /* LayerWorld.swift */ = {isa = PBXFileReference; fileEncoding = 4; lastKnownFileType = sourcecode.swift; path = LayerWorld.swift; sourceTree = "<group>"; };
		6123B11D1B3CAF860033BE22 /* Entity.swift */ = {isa = PBXFileReference; fileEncoding = 4; lastKnownFileType = sourcecode.swift; path = Entity.swift; sourceTree = "<group>"; };
		6123B1201B3CAFFD0033BE22 /* Destructible.swift */ = {isa = PBXFileReference; fileEncoding = 4; lastKnownFileType = sourcecode.swift; path = Destructible.swift; sourceTree = "<group>"; };
		6123B1231B3CB01C0033BE22 /* Trigger.swift */ = {isa = PBXFileReference; fileEncoding = 4; lastKnownFileType = sourcecode.swift; path = Trigger.swift; sourceTree = "<group>"; };
		6150C38A1B3CE7A900D2F214 /* Player.swift */ = {isa = PBXFileReference; fileEncoding = 4; lastKnownFileType = sourcecode.swift; path = Player.swift; sourceTree = "<group>"; };
		6150C38D1B3CFF5000D2F214 /* LayerHUD.swift */ = {isa = PBXFileReference; fileEncoding = 4; lastKnownFileType = sourcecode.swift; path = LayerHUD.swift; sourceTree = "<group>"; };
/* End PBXFileReference section */

/* Begin PBXFrameworksBuildPhase section */
		4111119D1A8767ED003F0EC4 /* Frameworks */ = {
			isa = PBXFrameworksBuildPhase;
			buildActionMask = 2147483647;
			files = (
			);
			runOnlyForDeploymentPostprocessing = 0;
		};
		411111B61A8767ED003F0EC4 /* Frameworks */ = {
			isa = PBXFrameworksBuildPhase;
			buildActionMask = 2147483647;
			files = (
			);
			runOnlyForDeploymentPostprocessing = 0;
		};
		411111CA1A876824003F0EC4 /* Frameworks */ = {
			isa = PBXFrameworksBuildPhase;
			buildActionMask = 2147483647;
			files = (
			);
			runOnlyForDeploymentPostprocessing = 0;
		};
		411111DD1A876824003F0EC4 /* Frameworks */ = {
			isa = PBXFrameworksBuildPhase;
			buildActionMask = 2147483647;
			files = (
			);
			runOnlyForDeploymentPostprocessing = 0;
		};
/* End PBXFrameworksBuildPhase section */

/* Begin PBXGroup section */
		411111971A8767ED003F0EC4 = {
			isa = PBXGroup;
			children = (
				411111EE1A876844003F0EC4 /* Game */,
				411111A21A8767ED003F0EC4 /* iOS Controller */,
				411111CE1A876824003F0EC4 /* OSX Controller */,
				411111EF1A876859003F0EC4 /* Testing */,
				411111A11A8767ED003F0EC4 /* Products */,
			);
			sourceTree = "<group>";
		};
		411111A11A8767ED003F0EC4 /* Products */ = {
			isa = PBXGroup;
			children = (
				411111A01A8767ED003F0EC4 /* SG_Template.app */,
				411111B91A8767ED003F0EC4 /* SG_TemplateTests.xctest */,
				411111CD1A876824003F0EC4 /* SG_Template_Mac.app */,
				411111E01A876824003F0EC4 /* SG_Template_MacTests.xctest */,
			);
			name = Products;
			sourceTree = "<group>";
		};
		411111A21A8767ED003F0EC4 /* iOS Controller */ = {
			isa = PBXGroup;
			children = (
				411111A51A8767ED003F0EC4 /* AppDelegate.swift */,
				411111AB1A8767ED003F0EC4 /* GameViewController.swift */,
				411111AD1A8767ED003F0EC4 /* Main.storyboard */,
				4111123A1A876ADF003F0EC4 /* LaunchScreen.xib */,
				411111B01A8767ED003F0EC4 /* Images.xcassets */,
				411111A31A8767ED003F0EC4 /* Supporting Files */,
			);
			name = "iOS Controller";
			path = SG_Template;
			sourceTree = "<group>";
		};
		411111A31A8767ED003F0EC4 /* Supporting Files */ = {
			isa = PBXGroup;
			children = (
				411111A41A8767ED003F0EC4 /* Info.plist */,
			);
			name = "Supporting Files";
			sourceTree = "<group>";
		};
		411111BC1A8767ED003F0EC4 /* SG_TemplateTests */ = {
			isa = PBXGroup;
			children = (
				411111BF1A8767ED003F0EC4 /* SG_TemplateTests.swift */,
				411111BD1A8767ED003F0EC4 /* Supporting Files */,
			);
			path = SG_TemplateTests;
			sourceTree = "<group>";
		};
		411111BD1A8767ED003F0EC4 /* Supporting Files */ = {
			isa = PBXGroup;
			children = (
				411111BE1A8767ED003F0EC4 /* Info.plist */,
			);
			name = "Supporting Files";
			sourceTree = "<group>";
		};
		411111CE1A876824003F0EC4 /* OSX Controller */ = {
			isa = PBXGroup;
			children = (
				411111D11A876824003F0EC4 /* AppDelegate.swift */,
				411111D71A876824003F0EC4 /* Images.xcassets */,
				411111D91A876824003F0EC4 /* MainMenu.xib */,
				411111CF1A876824003F0EC4 /* Supporting Files */,
			);
			name = "OSX Controller";
			path = SG_Template_Mac;
			sourceTree = "<group>";
		};
		411111CF1A876824003F0EC4 /* Supporting Files */ = {
			isa = PBXGroup;
			children = (
				411111D01A876824003F0EC4 /* Info.plist */,
			);
			name = "Supporting Files";
			sourceTree = "<group>";
		};
		411111E31A876824003F0EC4 /* SG_Template_MacTests */ = {
			isa = PBXGroup;
			children = (
				411111E61A876824003F0EC4 /* SG_Template_MacTests.swift */,
				411111E41A876824003F0EC4 /* Supporting Files */,
			);
			path = SG_Template_MacTests;
			sourceTree = "<group>";
		};
		411111E41A876824003F0EC4 /* Supporting Files */ = {
			isa = PBXGroup;
			children = (
				411111E51A876824003F0EC4 /* Info.plist */,
			);
			name = "Supporting Files";
			sourceTree = "<group>";
		};
		411111EE1A876844003F0EC4 /* Game */ = {
			isa = PBXGroup;
			children = (
				411111F01A8768B8003F0EC4 /* GameSettings.plist */,
				411111F31A876987003F0EC4 /* Resources */,
				411111F41A876992003F0EC4 /* Controllers */,
				411111F51A8769AD003F0EC4 /* Layers */,
				411111F61A8769B9003F0EC4 /* Entities */,
				411111F71A8769C1003F0EC4 /* Scenes */,
			);
			name = Game;
			sourceTree = "<group>";
		};
		411111EF1A876859003F0EC4 /* Testing */ = {
			isa = PBXGroup;
			children = (
				411111BC1A8767ED003F0EC4 /* SG_TemplateTests */,
				411111E31A876824003F0EC4 /* SG_Template_MacTests */,
			);
			name = Testing;
			sourceTree = "<group>";
		};
		411111F31A876987003F0EC4 /* Resources */ = {
			isa = PBXGroup;
			children = (
				411111F91A876A07003F0EC4 /* Media */,
				411111F81A8769FE003F0EC4 /* External */,
			);
			name = Resources;
			sourceTree = "<group>";
		};
		411111F41A876992003F0EC4 /* Controllers */ = {
			isa = PBXGroup;
			children = (
				411112341A876A7D003F0EC4 /* SGAssetManager.swift */,
			);
			name = Controllers;
			sourceTree = "<group>";
		};
		411111F51A8769AD003F0EC4 /* Layers */ = {
			isa = PBXGroup;
			children = (
				6123B10F1B3C9C180033BE22 /* Layer.swift */,
				6123B1101B3C9C180033BE22 /* LayerBackground.swift */,
				6123B1181B3CA7750033BE22 /* LayerWorld.swift */,
				6150C38D1B3CFF5000D2F214 /* LayerHUD.swift */,
			);
			name = Layers;
			sourceTree = "<group>";
		};
		411111F61A8769B9003F0EC4 /* Entities */ = {
			isa = PBXGroup;
			children = (
				6123B11D1B3CAF860033BE22 /* Entity.swift */,
				6123B1231B3CB01C0033BE22 /* Trigger.swift */,
				6123B1201B3CAFFD0033BE22 /* Destructible.swift */,
				6150C38A1B3CE7A900D2F214 /* Player.swift */,
			);
			name = Entities;
			sourceTree = "<group>";
		};
		411111F71A8769C1003F0EC4 /* Scenes */ = {
			isa = PBXGroup;
			children = (
				4111123D1A876B14003F0EC4 /* 0_Introducer.swift */,
				6123B1091B3C85630033BE22 /* 1_MainMenu.swift */,
				6123B10C1B3C8CDC0033BE22 /* 4_GameScene.swift */,
			);
			name = Scenes;
			sourceTree = "<group>";
		};
		411111F81A8769FE003F0EC4 /* External */ = {
			isa = PBXGroup;
			children = (
				411112001A876A49003F0EC4 /* SG-Engine */,
				411111FF1A876A40003F0EC4 /* SKTUtils */,
			);
			name = External;
			sourceTree = "<group>";
		};
		411111F91A876A07003F0EC4 /* Media */ = {
			isa = PBXGroup;
			children = (
				411111FE1A876A35003F0EC4 /* Font */,
				411111FD1A876A2E003F0EC4 /* Content */,
				411111FC1A876A27003F0EC4 /* Music */,
				411111FB1A876A1E003F0EC4 /* Sounds */,
				411111FA1A876A13003F0EC4 /* Artwork */,
			);
			name = Media;
			sourceTree = "<group>";
		};
		411111FA1A876A13003F0EC4 /* Artwork */ = {
			isa = PBXGroup;
			children = (
				411112A01A8821EC003F0EC4 /* ImpactMark.sks */,
				411112A11A8821EC003F0EC4 /* spark.png */,
				4111129D1A8821D9003F0EC4 /* LargeMedia.xcassets */,
				411112941A88219D003F0EC4 /* Tiles.atlas */,
				411112951A88219D003F0EC4 /* Female.atlas */,
				411112961A88219D003F0EC4 /* Male.atlas */,
				411112371A876A91003F0EC4 /* SampleAssets.atlas */,
			);
			name = Artwork;
			sourceTree = "<group>";
		};
		411111FB1A876A1E003F0EC4 /* Sounds */ = {
			isa = PBXGroup;
			children = (
				411112821A88218A003F0EC4 /* 110548__noisehag__comp-cover-02.wav */,
				411112831A88218A003F0EC4 /* 134935__ztrees1__whoosh.wav */,
				411112841A88218A003F0EC4 /* 135936__bradwesson__collectcoin.wav */,
				411112851A88218A003F0EC4 /* 187503__oceanictrancer__drop-bomb-effect-6.wav */,
				411112861A88218A003F0EC4 /* 113093__edgardedition__click3.wav */,
				411112871A88218A003F0EC4 /* 146726__fins__jumping.wav */,
			);
			name = Sounds;
			sourceTree = "<group>";
		};
		411111FC1A876A27003F0EC4 /* Music */ = {
			isa = PBXGroup;
			children = (
				4111127F1A88217B003F0EC4 /* BangBang_0.mp3 */,
			);
			name = Music;
			sourceTree = "<group>";
		};
		411111FD1A876A2E003F0EC4 /* Content */ = {
			isa = PBXGroup;
			children = (
				411112491A88216A003F0EC4 /* Template.txt */,
				4111124A1A88216A003F0EC4 /* Level1.txt */,
				4111124B1A88216A003F0EC4 /* Level2.txt */,
				4111124C1A88216A003F0EC4 /* Level3.txt */,
				4111124D1A88216A003F0EC4 /* Level4.txt */,
				4111124E1A88216A003F0EC4 /* Level5.txt */,
				4111124F1A88216A003F0EC4 /* Level6.txt */,
				411112501A88216A003F0EC4 /* Level7.txt */,
				411112511A88216A003F0EC4 /* Level8.txt */,
				411112521A88216A003F0EC4 /* Level9.txt */,
				411112531A88216A003F0EC4 /* Level10.txt */,
				411112541A88216A003F0EC4 /* Level11.txt */,
				411112551A88216A003F0EC4 /* Level12.txt */,
				411112561A88216A003F0EC4 /* Level13.txt */,
				411112571A88216A003F0EC4 /* Level14.txt */,
				411112581A88216A003F0EC4 /* Level15.txt */,
				411112591A88216A003F0EC4 /* Level16.txt */,
				4111125A1A88216A003F0EC4 /* Level17.txt */,
			);
			name = Content;
			sourceTree = "<group>";
		};
		411111FE1A876A35003F0EC4 /* Font */ = {
			isa = PBXGroup;
			children = (
				411112401A882148003F0EC4 /* gamefont.atlas */,
				411112411A882148003F0EC4 /* gamefont.skf */,
				411112421A882148003F0EC4 /* gamefont@2x.skf */,
			);
			name = Font;
			sourceTree = "<group>";
		};
		411111FF1A876A40003F0EC4 /* SKTUtils */ = {
			isa = PBXGroup;
			children = (
				4111120D1A876A6A003F0EC4 /* TileMapLayerLoader.swift */,
				4111120E1A876A6A003F0EC4 /* CGFloat+Extensions.swift */,
				4111120F1A876A6A003F0EC4 /* CGPoint+Extensions.swift */,
				411112101A876A6A003F0EC4 /* CGVector+Extensions.swift */,
				411112111A876A6A003F0EC4 /* Int+Extensions.swift */,
				411112121A876A6A003F0EC4 /* SKAction+Extensions.swift */,
				411112131A876A6A003F0EC4 /* SKAction+SpecialEffects.swift */,
				411112141A876A6A003F0EC4 /* SKColor+Extensions.swift */,
				411112151A876A6A003F0EC4 /* SKNode+Extensions.swift */,
				411112161A876A6A003F0EC4 /* SKTAudio.swift */,
				411112171A876A6A003F0EC4 /* SKTEffects.swift */,
				411112181A876A6A003F0EC4 /* SKTTimingFunctions.swift */,
				411112191A876A6A003F0EC4 /* Vector3.swift */,
			);
			name = SKTUtils;
			sourceTree = "<group>";
		};
		411112001A876A49003F0EC4 /* SG-Engine */ = {
			isa = PBXGroup;
			children = (
				411112011A876A5E003F0EC4 /* SGScene.swift */,
				411112021A876A5E003F0EC4 /* SGExtensions.swift */,
				411112031A876A5E003F0EC4 /* SGResolution.swift */,
				411112041A876A5E003F0EC4 /* SGGameKit.swift */,
			);
			name = "SG-Engine";
			sourceTree = "<group>";
		};
/* End PBXGroup section */

/* Begin PBXNativeTarget section */
		4111119F1A8767ED003F0EC4 /* SG_Template */ = {
			isa = PBXNativeTarget;
			buildConfigurationList = 411111C31A8767ED003F0EC4 /* Build configuration list for PBXNativeTarget "SG_Template" */;
			buildPhases = (
				4111119C1A8767ED003F0EC4 /* Sources */,
				4111119D1A8767ED003F0EC4 /* Frameworks */,
				4111119E1A8767ED003F0EC4 /* Resources */,
			);
			buildRules = (
			);
			dependencies = (
			);
			name = SG_Template;
			productName = SG_Template;
			productReference = 411111A01A8767ED003F0EC4 /* SG_Template.app */;
			productType = "com.apple.product-type.application";
		};
		411111B81A8767ED003F0EC4 /* SG_TemplateTests */ = {
			isa = PBXNativeTarget;
			buildConfigurationList = 411111C61A8767ED003F0EC4 /* Build configuration list for PBXNativeTarget "SG_TemplateTests" */;
			buildPhases = (
				411111B51A8767ED003F0EC4 /* Sources */,
				411111B61A8767ED003F0EC4 /* Frameworks */,
				411111B71A8767ED003F0EC4 /* Resources */,
			);
			buildRules = (
			);
			dependencies = (
				411111BB1A8767ED003F0EC4 /* PBXTargetDependency */,
			);
			name = SG_TemplateTests;
			productName = SG_TemplateTests;
			productReference = 411111B91A8767ED003F0EC4 /* SG_TemplateTests.xctest */;
			productType = "com.apple.product-type.bundle.unit-test";
		};
		411111CC1A876824003F0EC4 /* SG_Template_Mac */ = {
			isa = PBXNativeTarget;
			buildConfigurationList = 411111E81A876824003F0EC4 /* Build configuration list for PBXNativeTarget "SG_Template_Mac" */;
			buildPhases = (
				411111C91A876824003F0EC4 /* Sources */,
				411111CA1A876824003F0EC4 /* Frameworks */,
				411111CB1A876824003F0EC4 /* Resources */,
			);
			buildRules = (
			);
			dependencies = (
			);
			name = SG_Template_Mac;
			productName = SG_Template_Mac;
			productReference = 411111CD1A876824003F0EC4 /* SG_Template_Mac.app */;
			productType = "com.apple.product-type.application";
		};
		411111DF1A876824003F0EC4 /* SG_Template_MacTests */ = {
			isa = PBXNativeTarget;
			buildConfigurationList = 411111EB1A876824003F0EC4 /* Build configuration list for PBXNativeTarget "SG_Template_MacTests" */;
			buildPhases = (
				411111DC1A876824003F0EC4 /* Sources */,
				411111DD1A876824003F0EC4 /* Frameworks */,
				411111DE1A876824003F0EC4 /* Resources */,
			);
			buildRules = (
			);
			dependencies = (
				411111E21A876824003F0EC4 /* PBXTargetDependency */,
			);
			name = SG_Template_MacTests;
			productName = SG_Template_MacTests;
			productReference = 411111E01A876824003F0EC4 /* SG_Template_MacTests.xctest */;
			productType = "com.apple.product-type.bundle.unit-test";
		};
/* End PBXNativeTarget section */

/* Begin PBXProject section */
		411111981A8767ED003F0EC4 /* Project object */ = {
			isa = PBXProject;
			attributes = {
				LastUpgradeCheck = 0610;
				ORGANIZATIONNAME = "Neil North";
				TargetAttributes = {
					4111119F1A8767ED003F0EC4 = {
						CreatedOnToolsVersion = 6.1.1;
					};
					411111B81A8767ED003F0EC4 = {
						CreatedOnToolsVersion = 6.1.1;
						TestTargetID = 4111119F1A8767ED003F0EC4;
					};
					411111CC1A876824003F0EC4 = {
						CreatedOnToolsVersion = 6.1.1;
					};
					411111DF1A876824003F0EC4 = {
						CreatedOnToolsVersion = 6.1.1;
						TestTargetID = 411111CC1A876824003F0EC4;
					};
				};
			};
			buildConfigurationList = 4111119B1A8767ED003F0EC4 /* Build configuration list for PBXProject "SG_Template" */;
			compatibilityVersion = "Xcode 3.2";
			developmentRegion = English;
			hasScannedForEncodings = 0;
			knownRegions = (
				en,
				Base,
			);
			mainGroup = 411111971A8767ED003F0EC4;
			productRefGroup = 411111A11A8767ED003F0EC4 /* Products */;
			projectDirPath = "";
			projectRoot = "";
			targets = (
				4111119F1A8767ED003F0EC4 /* SG_Template */,
				411111B81A8767ED003F0EC4 /* SG_TemplateTests */,
				411111CC1A876824003F0EC4 /* SG_Template_Mac */,
				411111DF1A876824003F0EC4 /* SG_Template_MacTests */,
			);
		};
/* End PBXProject section */

/* Begin PBXResourcesBuildPhase section */
		4111119E1A8767ED003F0EC4 /* Resources */ = {
			isa = PBXResourcesBuildPhase;
			buildActionMask = 2147483647;
			files = (
				4111123B1A876ADF003F0EC4 /* LaunchScreen.xib in Resources */,
				411112451A882148003F0EC4 /* gamefont.skf in Resources */,
				411112901A88218A003F0EC4 /* 113093__edgardedition__click3.wav in Resources */,
				4111127B1A88216A003F0EC4 /* Level16.txt in Resources */,
				4111129B1A88219D003F0EC4 /* Male.atlas in Resources */,
				4111128C1A88218A003F0EC4 /* 135936__bradwesson__collectcoin.wav in Resources */,
				4111127D1A88216A003F0EC4 /* Level17.txt in Resources */,
				411111B11A8767ED003F0EC4 /* Images.xcassets in Resources */,
				411112A21A8821EC003F0EC4 /* ImpactMark.sks in Resources */,
				411112991A88219D003F0EC4 /* Female.atlas in Resources */,
				4111126F1A88216A003F0EC4 /* Level10.txt in Resources */,
				411111AF1A8767ED003F0EC4 /* Main.storyboard in Resources */,
				411112471A882148003F0EC4 /* gamefont@2x.skf in Resources */,
				4111126D1A88216A003F0EC4 /* Level9.txt in Resources */,
				411112711A88216A003F0EC4 /* Level11.txt in Resources */,
				411112771A88216A003F0EC4 /* Level14.txt in Resources */,
				411112381A876A91003F0EC4 /* SampleAssets.atlas in Resources */,
				4111125B1A88216A003F0EC4 /* Template.txt in Resources */,
				4111128A1A88218A003F0EC4 /* 134935__ztrees1__whoosh.wav in Resources */,
				4111129E1A8821D9003F0EC4 /* LargeMedia.xcassets in Resources */,
				411112691A88216A003F0EC4 /* Level7.txt in Resources */,
				411112971A88219D003F0EC4 /* Tiles.atlas in Resources */,
				411112751A88216A003F0EC4 /* Level13.txt in Resources */,
				411112921A88218A003F0EC4 /* 146726__fins__jumping.wav in Resources */,
				411112801A88217B003F0EC4 /* BangBang_0.mp3 in Resources */,
				411112431A882148003F0EC4 /* gamefont.atlas in Resources */,
				411111F11A8768B8003F0EC4 /* GameSettings.plist in Resources */,
				411112791A88216A003F0EC4 /* Level15.txt in Resources */,
				4111128E1A88218A003F0EC4 /* 187503__oceanictrancer__drop-bomb-effect-6.wav in Resources */,
				4111126B1A88216A003F0EC4 /* Level8.txt in Resources */,
				411112651A88216A003F0EC4 /* Level5.txt in Resources */,
				411112A41A8821EC003F0EC4 /* spark.png in Resources */,
				4111125D1A88216A003F0EC4 /* Level1.txt in Resources */,
				411112881A88218A003F0EC4 /* 110548__noisehag__comp-cover-02.wav in Resources */,
				4111125F1A88216A003F0EC4 /* Level2.txt in Resources */,
				411112631A88216A003F0EC4 /* Level4.txt in Resources */,
				411112731A88216A003F0EC4 /* Level12.txt in Resources */,
				411112611A88216A003F0EC4 /* Level3.txt in Resources */,
				411112671A88216A003F0EC4 /* Level6.txt in Resources */,
			);
			runOnlyForDeploymentPostprocessing = 0;
		};
		411111B71A8767ED003F0EC4 /* Resources */ = {
			isa = PBXResourcesBuildPhase;
			buildActionMask = 2147483647;
			files = (
			);
			runOnlyForDeploymentPostprocessing = 0;
		};
		411111CB1A876824003F0EC4 /* Resources */ = {
			isa = PBXResourcesBuildPhase;
			buildActionMask = 2147483647;
			files = (
				4111123C1A876ADF003F0EC4 /* LaunchScreen.xib in Resources */,
				411112461A882148003F0EC4 /* gamefont.skf in Resources */,
				411112911A88218A003F0EC4 /* 113093__edgardedition__click3.wav in Resources */,
				4111127C1A88216A003F0EC4 /* Level16.txt in Resources */,
				4111129C1A88219D003F0EC4 /* Male.atlas in Resources */,
				4111128D1A88218A003F0EC4 /* 135936__bradwesson__collectcoin.wav in Resources */,
				4111127E1A88216A003F0EC4 /* Level17.txt in Resources */,
				411111D81A876824003F0EC4 /* Images.xcassets in Resources */,
				411112A31A8821EC003F0EC4 /* ImpactMark.sks in Resources */,
				4111129A1A88219D003F0EC4 /* Female.atlas in Resources */,
				411112701A88216A003F0EC4 /* Level10.txt in Resources */,
				411111F21A8768B8003F0EC4 /* GameSettings.plist in Resources */,
				411112481A882148003F0EC4 /* gamefont@2x.skf in Resources */,
				4111126E1A88216A003F0EC4 /* Level9.txt in Resources */,
				411112721A88216A003F0EC4 /* Level11.txt in Resources */,
				411112781A88216A003F0EC4 /* Level14.txt in Resources */,
				411112391A876A91003F0EC4 /* SampleAssets.atlas in Resources */,
				4111125C1A88216A003F0EC4 /* Template.txt in Resources */,
				4111128B1A88218A003F0EC4 /* 134935__ztrees1__whoosh.wav in Resources */,
				4111129F1A8821D9003F0EC4 /* LargeMedia.xcassets in Resources */,
				4111126A1A88216A003F0EC4 /* Level7.txt in Resources */,
				411112981A88219D003F0EC4 /* Tiles.atlas in Resources */,
				411112761A88216A003F0EC4 /* Level13.txt in Resources */,
				411112931A88218A003F0EC4 /* 146726__fins__jumping.wav in Resources */,
				411112811A88217B003F0EC4 /* BangBang_0.mp3 in Resources */,
				411112441A882148003F0EC4 /* gamefont.atlas in Resources */,
				411111DB1A876824003F0EC4 /* MainMenu.xib in Resources */,
				4111127A1A88216A003F0EC4 /* Level15.txt in Resources */,
				4111128F1A88218A003F0EC4 /* 187503__oceanictrancer__drop-bomb-effect-6.wav in Resources */,
				4111126C1A88216A003F0EC4 /* Level8.txt in Resources */,
				411112661A88216A003F0EC4 /* Level5.txt in Resources */,
				411112A51A8821EC003F0EC4 /* spark.png in Resources */,
				4111125E1A88216A003F0EC4 /* Level1.txt in Resources */,
				411112891A88218A003F0EC4 /* 110548__noisehag__comp-cover-02.wav in Resources */,
				411112601A88216A003F0EC4 /* Level2.txt in Resources */,
				411112641A88216A003F0EC4 /* Level4.txt in Resources */,
				411112741A88216A003F0EC4 /* Level12.txt in Resources */,
				411112621A88216A003F0EC4 /* Level3.txt in Resources */,
				411112681A88216A003F0EC4 /* Level6.txt in Resources */,
			);
			runOnlyForDeploymentPostprocessing = 0;
		};
		411111DE1A876824003F0EC4 /* Resources */ = {
			isa = PBXResourcesBuildPhase;
			buildActionMask = 2147483647;
			files = (
			);
			runOnlyForDeploymentPostprocessing = 0;
		};
/* End PBXResourcesBuildPhase section */

/* Begin PBXSourcesBuildPhase section */
		4111119C1A8767ED003F0EC4 /* Sources */ = {
			isa = PBXSourcesBuildPhase;
			buildActionMask = 2147483647;
			files = (
				411112201A876A6A003F0EC4 /* CGVector+Extensions.swift in Sources */,
				411112091A876A5E003F0EC4 /* SGResolution.swift in Sources */,
				4111122A1A876A6A003F0EC4 /* SKNode+Extensions.swift in Sources */,
				6123B10A1B3C85630033BE22 /* 1_MainMenu.swift in Sources */,
				411112051A876A5E003F0EC4 /* SGScene.swift in Sources */,
				6123B1131B3C9C180033BE22 /* LayerBackground.swift in Sources */,
				411112241A876A6A003F0EC4 /* SKAction+Extensions.swift in Sources */,
				4111120B1A876A5E003F0EC4 /* SGGameKit.swift in Sources */,
				411111AC1A8767ED003F0EC4 /* GameViewController.swift in Sources */,
				6123B1111B3C9C180033BE22 /* Layer.swift in Sources */,
				4111121E1A876A6A003F0EC4 /* CGPoint+Extensions.swift in Sources */,
				6123B1211B3CAFFD0033BE22 /* Destructible.swift in Sources */,
				411112351A876A7D003F0EC4 /* SGAssetManager.swift in Sources */,
				411112261A876A6A003F0EC4 /* SKAction+SpecialEffects.swift in Sources */,
				6123B10D1B3C8CDD0033BE22 /* 4_GameScene.swift in Sources */,
				6123B1241B3CB01C0033BE22 /* Trigger.swift in Sources */,
				411111A61A8767ED003F0EC4 /* AppDelegate.swift in Sources */,
				6123B11B1B3CAF130033BE22 /* TileMapLayerLoader.swift in Sources */,
				6123B1191B3CA7750033BE22 /* LayerWorld.swift in Sources */,
				411112301A876A6A003F0EC4 /* SKTTimingFunctions.swift in Sources */,
				4111123E1A876B14003F0EC4 /* 0_Introducer.swift in Sources */,
				411112281A876A6A003F0EC4 /* SKColor+Extensions.swift in Sources */,
				6150C38E1B3CFF5000D2F214 /* LayerHUD.swift in Sources */,
				411112221A876A6A003F0EC4 /* Int+Extensions.swift in Sources */,
				4111122C1A876A6A003F0EC4 /* SKTAudio.swift in Sources */,
				4111121C1A876A6A003F0EC4 /* CGFloat+Extensions.swift in Sources */,
				6123B11E1B3CAF860033BE22 /* Entity.swift in Sources */,
				4111122E1A876A6A003F0EC4 /* SKTEffects.swift in Sources */,
				411112321A876A6A003F0EC4 /* Vector3.swift in Sources */,
				6150C38B1B3CE7A900D2F214 /* Player.swift in Sources */,
				411112071A876A5E003F0EC4 /* SGExtensions.swift in Sources */,
			);
			runOnlyForDeploymentPostprocessing = 0;
		};
		411111B51A8767ED003F0EC4 /* Sources */ = {
			isa = PBXSourcesBuildPhase;
			buildActionMask = 2147483647;
			files = (
				411111C01A8767ED003F0EC4 /* SG_TemplateTests.swift in Sources */,
			);
			runOnlyForDeploymentPostprocessing = 0;
		};
		411111C91A876824003F0EC4 /* Sources */ = {
			isa = PBXSourcesBuildPhase;
			buildActionMask = 2147483647;
			files = (
				411112061A876A5E003F0EC4 /* SGScene.swift in Sources */,
				6123B10B1B3C85630033BE22 /* 1_MainMenu.swift in Sources */,
				411112311A876A6A003F0EC4 /* SKTTimingFunctions.swift in Sources */,
				6123B1121B3C9C180033BE22 /* Layer.swift in Sources */,
				6123B1251B3CB01C0033BE22 /* Trigger.swift in Sources */,
				411112211A876A6A003F0EC4 /* CGVector+Extensions.swift in Sources */,
				6123B1221B3CAFFD0033BE22 /* Destructible.swift in Sources */,
				6123B11C1B3CAF140033BE22 /* TileMapLayerLoader.swift in Sources */,
				4111121F1A876A6A003F0EC4 /* CGPoint+Extensions.swift in Sources */,
				4111121D1A876A6A003F0EC4 /* CGFloat+Extensions.swift in Sources */,
				411111D21A876824003F0EC4 /* AppDelegate.swift in Sources */,
				6150C38C1B3CE7A900D2F214 /* Player.swift in Sources */,
				4111123F1A876B14003F0EC4 /* 0_Introducer.swift in Sources */,
				6123B11F1B3CAF860033BE22 /* Entity.swift in Sources */,
				411112361A876A7D003F0EC4 /* SGAssetManager.swift in Sources */,
				4111122D1A876A6A003F0EC4 /* SKTAudio.swift in Sources */,
				411112081A876A5E003F0EC4 /* SGExtensions.swift in Sources */,
				6150C38F1B3CFF5000D2F214 /* LayerHUD.swift in Sources */,
				6123B10E1B3C8CDD0033BE22 /* 4_GameScene.swift in Sources */,
				4111122B1A876A6A003F0EC4 /* SKNode+Extensions.swift in Sources */,
				411112251A876A6A003F0EC4 /* SKAction+Extensions.swift in Sources */,
				411112271A876A6A003F0EC4 /* SKAction+SpecialEffects.swift in Sources */,
				6123B11A1B3CA7750033BE22 /* LayerWorld.swift in Sources */,
				4111120C1A876A5E003F0EC4 /* SGGameKit.swift in Sources */,
				4111120A1A876A5E003F0EC4 /* SGResolution.swift in Sources */,
				4111122F1A876A6A003F0EC4 /* SKTEffects.swift in Sources */,
				411112231A876A6A003F0EC4 /* Int+Extensions.swift in Sources */,
				411112331A876A6A003F0EC4 /* Vector3.swift in Sources */,
				411112291A876A6A003F0EC4 /* SKColor+Extensions.swift in Sources */,
				6123B1141B3C9C180033BE22 /* LayerBackground.swift in Sources */,
			);
			runOnlyForDeploymentPostprocessing = 0;
		};
		411111DC1A876824003F0EC4 /* Sources */ = {
			isa = PBXSourcesBuildPhase;
			buildActionMask = 2147483647;
			files = (
				411111E71A876824003F0EC4 /* SG_Template_MacTests.swift in Sources */,
			);
			runOnlyForDeploymentPostprocessing = 0;
		};
/* End PBXSourcesBuildPhase section */

/* Begin PBXTargetDependency section */
		411111BB1A8767ED003F0EC4 /* PBXTargetDependency */ = {
			isa = PBXTargetDependency;
			target = 4111119F1A8767ED003F0EC4 /* SG_Template */;
			targetProxy = 411111BA1A8767ED003F0EC4 /* PBXContainerItemProxy */;
		};
		411111E21A876824003F0EC4 /* PBXTargetDependency */ = {
			isa = PBXTargetDependency;
			target = 411111CC1A876824003F0EC4 /* SG_Template_Mac */;
			targetProxy = 411111E11A876824003F0EC4 /* PBXContainerItemProxy */;
		};
/* End PBXTargetDependency section */

/* Begin PBXVariantGroup section */
		411111AD1A8767ED003F0EC4 /* Main.storyboard */ = {
			isa = PBXVariantGroup;
			children = (
				411111AE1A8767ED003F0EC4 /* Base */,
			);
			name = Main.storyboard;
			sourceTree = "<group>";
		};
		411111D91A876824003F0EC4 /* MainMenu.xib */ = {
			isa = PBXVariantGroup;
			children = (
				411111DA1A876824003F0EC4 /* Base */,
			);
			name = MainMenu.xib;
			sourceTree = "<group>";
		};
/* End PBXVariantGroup section */

/* Begin XCBuildConfiguration section */
		411111C11A8767ED003F0EC4 /* Debug */ = {
			isa = XCBuildConfiguration;
			buildSettings = {
				ALWAYS_SEARCH_USER_PATHS = NO;
				CLANG_CXX_LANGUAGE_STANDARD = "gnu++0x";
				CLANG_CXX_LIBRARY = "libc++";
				CLANG_ENABLE_MODULES = YES;
				CLANG_ENABLE_OBJC_ARC = YES;
				CLANG_WARN_BOOL_CONVERSION = YES;
				CLANG_WARN_CONSTANT_CONVERSION = YES;
				CLANG_WARN_DIRECT_OBJC_ISA_USAGE = YES_ERROR;
				CLANG_WARN_EMPTY_BODY = YES;
				CLANG_WARN_ENUM_CONVERSION = YES;
				CLANG_WARN_INT_CONVERSION = YES;
				CLANG_WARN_OBJC_ROOT_CLASS = YES_ERROR;
				CLANG_WARN_UNREACHABLE_CODE = YES;
				CLANG_WARN__DUPLICATE_METHOD_MATCH = YES;
				"CODE_SIGN_IDENTITY[sdk=iphoneos*]" = "iPhone Developer";
				COPY_PHASE_STRIP = NO;
				ENABLE_STRICT_OBJC_MSGSEND = YES;
				GCC_C_LANGUAGE_STANDARD = gnu99;
				GCC_DYNAMIC_NO_PIC = NO;
				GCC_OPTIMIZATION_LEVEL = 0;
				GCC_PREPROCESSOR_DEFINITIONS = (
					"DEBUG=1",
					"$(inherited)",
				);
				GCC_SYMBOLS_PRIVATE_EXTERN = NO;
				GCC_WARN_64_TO_32_BIT_CONVERSION = YES;
				GCC_WARN_ABOUT_RETURN_TYPE = YES_ERROR;
				GCC_WARN_UNDECLARED_SELECTOR = YES;
				GCC_WARN_UNINITIALIZED_AUTOS = YES_AGGRESSIVE;
				GCC_WARN_UNUSED_FUNCTION = YES;
				GCC_WARN_UNUSED_VARIABLE = YES;
				IPHONEOS_DEPLOYMENT_TARGET = 8.1;
				MTL_ENABLE_DEBUG_INFO = YES;
				ONLY_ACTIVE_ARCH = YES;
				SDKROOT = iphoneos;
				SWIFT_OPTIMIZATION_LEVEL = "-Onone";
				TARGETED_DEVICE_FAMILY = "1,2";
			};
			name = Debug;
		};
		411111C21A8767ED003F0EC4 /* Release */ = {
			isa = XCBuildConfiguration;
			buildSettings = {
				ALWAYS_SEARCH_USER_PATHS = NO;
				CLANG_CXX_LANGUAGE_STANDARD = "gnu++0x";
				CLANG_CXX_LIBRARY = "libc++";
				CLANG_ENABLE_MODULES = YES;
				CLANG_ENABLE_OBJC_ARC = YES;
				CLANG_WARN_BOOL_CONVERSION = YES;
				CLANG_WARN_CONSTANT_CONVERSION = YES;
				CLANG_WARN_DIRECT_OBJC_ISA_USAGE = YES_ERROR;
				CLANG_WARN_EMPTY_BODY = YES;
				CLANG_WARN_ENUM_CONVERSION = YES;
				CLANG_WARN_INT_CONVERSION = YES;
				CLANG_WARN_OBJC_ROOT_CLASS = YES_ERROR;
				CLANG_WARN_UNREACHABLE_CODE = YES;
				CLANG_WARN__DUPLICATE_METHOD_MATCH = YES;
				"CODE_SIGN_IDENTITY[sdk=iphoneos*]" = "iPhone Developer";
				COPY_PHASE_STRIP = YES;
				ENABLE_NS_ASSERTIONS = NO;
				ENABLE_STRICT_OBJC_MSGSEND = YES;
				GCC_C_LANGUAGE_STANDARD = gnu99;
				GCC_WARN_64_TO_32_BIT_CONVERSION = YES;
				GCC_WARN_ABOUT_RETURN_TYPE = YES_ERROR;
				GCC_WARN_UNDECLARED_SELECTOR = YES;
				GCC_WARN_UNINITIALIZED_AUTOS = YES_AGGRESSIVE;
				GCC_WARN_UNUSED_FUNCTION = YES;
				GCC_WARN_UNUSED_VARIABLE = YES;
				IPHONEOS_DEPLOYMENT_TARGET = 8.1;
				MTL_ENABLE_DEBUG_INFO = NO;
				SDKROOT = iphoneos;
				TARGETED_DEVICE_FAMILY = "1,2";
				VALIDATE_PRODUCT = YES;
			};
			name = Release;
		};
		411111C41A8767ED003F0EC4 /* Debug */ = {
			isa = XCBuildConfiguration;
			buildSettings = {
				ASSETCATALOG_COMPILER_APPICON_NAME = AppIcon;
				INFOPLIST_FILE = SG_Template/Info.plist;
				LD_RUNPATH_SEARCH_PATHS = "$(inherited) @executable_path/Frameworks";
				"OTHER_SWIFT_FLAGS[arch=*]" = "-D DEBUG";
				PRODUCT_NAME = "$(TARGET_NAME)";
			};
			name = Debug;
		};
		411111C51A8767ED003F0EC4 /* Release */ = {
			isa = XCBuildConfiguration;
			buildSettings = {
				ASSETCATALOG_COMPILER_APPICON_NAME = AppIcon;
				INFOPLIST_FILE = SG_Template/Info.plist;
				LD_RUNPATH_SEARCH_PATHS = "$(inherited) @executable_path/Frameworks";
				PRODUCT_NAME = "$(TARGET_NAME)";
			};
			name = Release;
		};
		411111C71A8767ED003F0EC4 /* Debug */ = {
			isa = XCBuildConfiguration;
			buildSettings = {
				BUNDLE_LOADER = "$(TEST_HOST)";
				FRAMEWORK_SEARCH_PATHS = (
					"$(SDKROOT)/Developer/Library/Frameworks",
					"$(inherited)",
				);
				GCC_PREPROCESSOR_DEFINITIONS = (
					"DEBUG=1",
					"$(inherited)",
				);
				INFOPLIST_FILE = SG_TemplateTests/Info.plist;
				LD_RUNPATH_SEARCH_PATHS = "$(inherited) @executable_path/Frameworks @loader_path/Frameworks";
				PRODUCT_NAME = "$(TARGET_NAME)";
				TEST_HOST = "$(BUILT_PRODUCTS_DIR)/SG_Template.app/SG_Template";
			};
			name = Debug;
		};
		411111C81A8767ED003F0EC4 /* Release */ = {
			isa = XCBuildConfiguration;
			buildSettings = {
				BUNDLE_LOADER = "$(TEST_HOST)";
				FRAMEWORK_SEARCH_PATHS = (
					"$(SDKROOT)/Developer/Library/Frameworks",
					"$(inherited)",
				);
				INFOPLIST_FILE = SG_TemplateTests/Info.plist;
				LD_RUNPATH_SEARCH_PATHS = "$(inherited) @executable_path/Frameworks @loader_path/Frameworks";
				PRODUCT_NAME = "$(TARGET_NAME)";
				TEST_HOST = "$(BUILT_PRODUCTS_DIR)/SG_Template.app/SG_Template";
			};
			name = Release;
		};
		411111E91A876824003F0EC4 /* Debug */ = {
			isa = XCBuildConfiguration;
			buildSettings = {
				ASSETCATALOG_COMPILER_APPICON_NAME = AppIcon;
				CODE_SIGN_IDENTITY = "-";
				COMBINE_HIDPI_IMAGES = YES;
				GCC_PREPROCESSOR_DEFINITIONS = (
					"DEBUG=1",
					"$(inherited)",
				);
				INFOPLIST_FILE = SG_Template_Mac/Info.plist;
				LD_RUNPATH_SEARCH_PATHS = "$(inherited) @executable_path/../Frameworks";
				MACOSX_DEPLOYMENT_TARGET = 10.10;
				"OTHER_SWIFT_FLAGS[arch=*]" = "-D DEBUG";
				PRODUCT_NAME = "$(TARGET_NAME)";
				SDKROOT = macosx;
			};
			name = Debug;
		};
		411111EA1A876824003F0EC4 /* Release */ = {
			isa = XCBuildConfiguration;
			buildSettings = {
				ASSETCATALOG_COMPILER_APPICON_NAME = AppIcon;
				CODE_SIGN_IDENTITY = "-";
				COMBINE_HIDPI_IMAGES = YES;
				DEBUG_INFORMATION_FORMAT = "dwarf-with-dsym";
				INFOPLIST_FILE = SG_Template_Mac/Info.plist;
				LD_RUNPATH_SEARCH_PATHS = "$(inherited) @executable_path/../Frameworks";
				MACOSX_DEPLOYMENT_TARGET = 10.10;
				PRODUCT_NAME = "$(TARGET_NAME)";
				SDKROOT = macosx;
			};
			name = Release;
		};
		411111EC1A876824003F0EC4 /* Debug */ = {
			isa = XCBuildConfiguration;
			buildSettings = {
				BUNDLE_LOADER = "$(TEST_HOST)";
				COMBINE_HIDPI_IMAGES = YES;
				FRAMEWORK_SEARCH_PATHS = (
					"$(DEVELOPER_FRAMEWORKS_DIR)",
					"$(inherited)",
				);
				GCC_PREPROCESSOR_DEFINITIONS = (
					"DEBUG=1",
					"$(inherited)",
				);
				INFOPLIST_FILE = SG_Template_MacTests/Info.plist;
				LD_RUNPATH_SEARCH_PATHS = "$(inherited) @executable_path/../Frameworks @loader_path/../Frameworks";
				MACOSX_DEPLOYMENT_TARGET = 10.10;
				PRODUCT_NAME = "$(TARGET_NAME)";
				SDKROOT = macosx;
				TEST_HOST = "$(BUILT_PRODUCTS_DIR)/SG_Template_Mac.app/Contents/MacOS/SG_Template_Mac";
			};
			name = Debug;
		};
		411111ED1A876824003F0EC4 /* Release */ = {
			isa = XCBuildConfiguration;
			buildSettings = {
				BUNDLE_LOADER = "$(TEST_HOST)";
				COMBINE_HIDPI_IMAGES = YES;
				DEBUG_INFORMATION_FORMAT = "dwarf-with-dsym";
				FRAMEWORK_SEARCH_PATHS = (
					"$(DEVELOPER_FRAMEWORKS_DIR)",
					"$(inherited)",
				);
				INFOPLIST_FILE = SG_Template_MacTests/Info.plist;
				LD_RUNPATH_SEARCH_PATHS = "$(inherited) @executable_path/../Frameworks @loader_path/../Frameworks";
				MACOSX_DEPLOYMENT_TARGET = 10.10;
				PRODUCT_NAME = "$(TARGET_NAME)";
				SDKROOT = macosx;
				TEST_HOST = "$(BUILT_PRODUCTS_DIR)/SG_Template_Mac.app/Contents/MacOS/SG_Template_Mac";
			};
			name = Release;
		};
/* End XCBuildConfiguration section */

/* Begin XCConfigurationList section */
		4111119B1A8767ED003F0EC4 /* Build configuration list for PBXProject "SG_Template" */ = {
			isa = XCConfigurationList;
			buildConfigurations = (
				411111C11A8767ED003F0EC4 /* Debug */,
				411111C21A8767ED003F0EC4 /* Release */,
			);
			defaultConfigurationIsVisible = 0;
			defaultConfigurationName = Release;
		};
		411111C31A8767ED003F0EC4 /* Build configuration list for PBXNativeTarget "SG_Template" */ = {
			isa = XCConfigurationList;
			buildConfigurations = (
				411111C41A8767ED003F0EC4 /* Debug */,
				411111C51A8767ED003F0EC4 /* Release */,
			);
			defaultConfigurationIsVisible = 0;
			defaultConfigurationName = Release;
		};
		411111C61A8767ED003F0EC4 /* Build configuration list for PBXNativeTarget "SG_TemplateTests" */ = {
			isa = XCConfigurationList;
			buildConfigurations = (
				411111C71A8767ED003F0EC4 /* Debug */,
				411111C81A8767ED003F0EC4 /* Release */,
			);
			defaultConfigurationIsVisible = 0;
			defaultConfigurationName = Release;
		};
		411111E81A876824003F0EC4 /* Build configuration list for PBXNativeTarget "SG_Template_Mac" */ = {
			isa = XCConfigurationList;
			buildConfigurations = (
				411111E91A876824003F0EC4 /* Debug */,
				411111EA1A876824003F0EC4 /* Release */,
			);
			defaultConfigurationIsVisible = 0;
			defaultConfigurationName = Release;
		};
		411111EB1A876824003F0EC4 /* Build configuration list for PBXNativeTarget "SG_Template_MacTests" */ = {
			isa = XCConfigurationList;
			buildConfigurations = (
				411111EC1A876824003F0EC4 /* Debug */,
				411111ED1A876824003F0EC4 /* Release */,
			);
			defaultConfigurationIsVisible = 0;
			defaultConfigurationName = Release;
		};
/* End XCConfigurationList section */
	};
	rootObject = 411111981A8767ED003F0EC4 /* Project object */;
}
